[aibox]
cli_version = "0.21.2"
synced_at = "2026-04-29T10:08:21.501690688+00:00"

[processkit]
source = "https://github.com/projectious-work/processkit.git"
version = "v0.23.1"
src_path = "src"
installed_at = "2026-04-29T10:08:21.501690688+00:00"
processkit_install_hash = "e84da6c7877272091434474945ae6c9bc20c939f3991c57af17b0c8f03fe47e9"
