[aibox]
cli_version = "0.21.0"
synced_at = "2026-04-25T23:52:47.517162642+00:00"

[processkit]
source = "https://github.com/projectious-work/processkit.git"
version = "v0.22.0"
src_path = "src"
release_asset_sha256 = "23e8ed76842cf80d8969e24df86cae22731e4251cce95b192703c9aa53bd9dbb"
installed_at = "2026-04-25T23:52:47.517162642+00:00"
processkit_install_hash = "28b4ec6108729d2b000c3c0d14290908e4fe43b49977bc203acc2da956625480"
