[aibox]
cli_version = "0.21.1"
synced_at = "2026-04-26T15:57:54.135006560+00:00"

[processkit]
source = "https://github.com/projectious-work/processkit.git"
version = "v0.23.0"
src_path = "src"
installed_at = "2026-04-26T15:57:54.135006560+00:00"
processkit_install_hash = "fa4fccec3c15a5f7bdd2f3b407c306c7f961a5535e8088fc167f4e4f93e80af7"
